// !$*UTF8*$!
{
	archiveVersion = 1;
	classes = {
	};
	objectVersion = 51;
	objects = {

/* Begin PBXBuildFile section */
		1E87790B265984EE00AADA9F /* mapViewController.swift in Sources */ = {isa = PBXBuildFile; fileRef = 1E87790A265984EE00AADA9F /* mapViewController.swift */; };
		37CB2A1568264A2527114061 /* Pods_DFT_DFTUITests.framework in Frameworks */ = {isa = PBXBuildFile; fileRef = 25791613F6536E560332C1AB /* Pods_DFT_DFTUITests.framework */; };
		5A94DCBB40C1D9EA02268470 /* Pods_DFT.framework in Frameworks */ = {isa = PBXBuildFile; fileRef = 0B95DA3D91C7435F21F4AD54 /* Pods_DFT.framework */; };
		7D279C0A5BBDEF66B967755E /* Pods_DFTTests.framework in Frameworks */ = {isa = PBXBuildFile; fileRef = E25D966E5CA5E885897CC82F /* Pods_DFTTests.framework */; };
		E88059D02662CC1E00872ACD /* AllMessagesTableViewController.swift in Sources */ = {isa = PBXBuildFile; fileRef = E88059CF2662CC1E00872ACD /* AllMessagesTableViewController.swift */; };
		E88059D52662CC7E00872ACD /* MessagesTableViewController.swift in Sources */ = {isa = PBXBuildFile; fileRef = E88059D42662CC7E00872ACD /* MessagesTableViewController.swift */; };
		E88059DA2662CD9500872ACD /* AllMessageTableViewCell.swift in Sources */ = {isa = PBXBuildFile; fileRef = E88059D92662CD9500872ACD /* AllMessageTableViewCell.swift */; };
		E8B5F0CA2650417D0056C55F /* LoginViewController.swift in Sources */ = {isa = PBXBuildFile; fileRef = E8B5F0C92650417D0056C55F /* LoginViewController.swift */; };
		E8B5F0DE26504EA40056C55F /* ProfileViewController.swift in Sources */ = {isa = PBXBuildFile; fileRef = E8B5F0DD26504EA40056C55F /* ProfileViewController.swift */; };
		E8BD6F3526471BE900D5D27A /* AppDelegate.swift in Sources */ = {isa = PBXBuildFile; fileRef = E8BD6F3426471BE900D5D27A /* AppDelegate.swift */; };
		E8BD6F3726471BE900D5D27A /* SceneDelegate.swift in Sources */ = {isa = PBXBuildFile; fileRef = E8BD6F3626471BE900D5D27A /* SceneDelegate.swift */; };
		E8BD6F3926471BE900D5D27A /* ViewController.swift in Sources */ = {isa = PBXBuildFile; fileRef = E8BD6F3826471BE900D5D27A /* ViewController.swift */; };
		E8BD6F3C26471BE900D5D27A /* Main.storyboard in Resources */ = {isa = PBXBuildFile; fileRef = E8BD6F3A26471BE900D5D27A /* Main.storyboard */; };
		E8BD6F3E26471BEC00D5D27A /* Assets.xcassets in Resources */ = {isa = PBXBuildFile; fileRef = E8BD6F3D26471BEC00D5D27A /* Assets.xcassets */; };
		E8BD6F4126471BEC00D5D27A /* LaunchScreen.storyboard in Resources */ = {isa = PBXBuildFile; fileRef = E8BD6F3F26471BEC00D5D27A /* LaunchScreen.storyboard */; };
		E8BD6F4C26471BED00D5D27A /* DFTTests.swift in Sources */ = {isa = PBXBuildFile; fileRef = E8BD6F4B26471BED00D5D27A /* DFTTests.swift */; };
		E8BD6F5726471BED00D5D27A /* DFTUITests.swift in Sources */ = {isa = PBXBuildFile; fileRef = E8BD6F5626471BED00D5D27A /* DFTUITests.swift */; };
		EE6F12F3265C973B0070FB89 /* EditProfileViewController.swift in Sources */ = {isa = PBXBuildFile; fileRef = EE6F12F2265C973B0070FB89 /* EditProfileViewController.swift */; };
/* End PBXBuildFile section */

/* Begin PBXContainerItemProxy section */
		E8BD6F4826471BED00D5D27A /* PBXContainerItemProxy */ = {
			isa = PBXContainerItemProxy;
			containerPortal = E8BD6F2926471BE900D5D27A /* Project object */;
			proxyType = 1;
			remoteGlobalIDString = E8BD6F3026471BE900D5D27A;
			remoteInfo = DFT;
		};
		E8BD6F5326471BED00D5D27A /* PBXContainerItemProxy */ = {
			isa = PBXContainerItemProxy;
			containerPortal = E8BD6F2926471BE900D5D27A /* Project object */;
			proxyType = 1;
			remoteGlobalIDString = E8BD6F3026471BE900D5D27A;
			remoteInfo = DFT;
		};
/* End PBXContainerItemProxy section */

/* Begin PBXFileReference section */
		0B95DA3D91C7435F21F4AD54 /* Pods_DFT.framework */ = {isa = PBXFileReference; explicitFileType = wrapper.framework; includeInIndex = 0; path = Pods_DFT.framework; sourceTree = BUILT_PRODUCTS_DIR; };
		1E87790A265984EE00AADA9F /* mapViewController.swift */ = {isa = PBXFileReference; lastKnownFileType = sourcecode.swift; path = mapViewController.swift; sourceTree = "<group>"; };
		22EB5D8289CF71B5FA8F34EE /* Pods-DFT.release.xcconfig */ = {isa = PBXFileReference; includeInIndex = 1; lastKnownFileType = text.xcconfig; name = "Pods-DFT.release.xcconfig"; path = "Target Support Files/Pods-DFT/Pods-DFT.release.xcconfig"; sourceTree = "<group>"; };
		25791613F6536E560332C1AB /* Pods_DFT_DFTUITests.framework */ = {isa = PBXFileReference; explicitFileType = wrapper.framework; includeInIndex = 0; path = Pods_DFT_DFTUITests.framework; sourceTree = BUILT_PRODUCTS_DIR; };
		51BCA1E9A229A275C126610E /* Pods-DFT-DFTUITests.release.xcconfig */ = {isa = PBXFileReference; includeInIndex = 1; lastKnownFileType = text.xcconfig; name = "Pods-DFT-DFTUITests.release.xcconfig"; path = "Target Support Files/Pods-DFT-DFTUITests/Pods-DFT-DFTUITests.release.xcconfig"; sourceTree = "<group>"; };
		639F8D620560F24B51EA314C /* Pods-DFT.debug.xcconfig */ = {isa = PBXFileReference; includeInIndex = 1; lastKnownFileType = text.xcconfig; name = "Pods-DFT.debug.xcconfig"; path = "Target Support Files/Pods-DFT/Pods-DFT.debug.xcconfig"; sourceTree = "<group>"; };
		645DD5F0DA9D58D07DAF4E71 /* Pods-DFTTests.release.xcconfig */ = {isa = PBXFileReference; includeInIndex = 1; lastKnownFileType = text.xcconfig; name = "Pods-DFTTests.release.xcconfig"; path = "Target Support Files/Pods-DFTTests/Pods-DFTTests.release.xcconfig"; sourceTree = "<group>"; };
		64F20DD7EDECB4577996E275 /* Pods-DFTTests.debug.xcconfig */ = {isa = PBXFileReference; includeInIndex = 1; lastKnownFileType = text.xcconfig; name = "Pods-DFTTests.debug.xcconfig"; path = "Target Support Files/Pods-DFTTests/Pods-DFTTests.debug.xcconfig"; sourceTree = "<group>"; };
		762EE6D95F782A81796F8787 /* Pods-DFT-DFTUITests.debug.xcconfig */ = {isa = PBXFileReference; includeInIndex = 1; lastKnownFileType = text.xcconfig; name = "Pods-DFT-DFTUITests.debug.xcconfig"; path = "Target Support Files/Pods-DFT-DFTUITests/Pods-DFT-DFTUITests.debug.xcconfig"; sourceTree = "<group>"; };
		E25D966E5CA5E885897CC82F /* Pods_DFTTests.framework */ = {isa = PBXFileReference; explicitFileType = wrapper.framework; includeInIndex = 0; path = Pods_DFTTests.framework; sourceTree = BUILT_PRODUCTS_DIR; };
		E88059CF2662CC1E00872ACD /* AllMessagesTableViewController.swift */ = {isa = PBXFileReference; lastKnownFileType = sourcecode.swift; path = AllMessagesTableViewController.swift; sourceTree = "<group>"; };
		E88059D42662CC7E00872ACD /* MessagesTableViewController.swift */ = {isa = PBXFileReference; lastKnownFileType = sourcecode.swift; path = MessagesTableViewController.swift; sourceTree = "<group>"; };
		E88059D92662CD9500872ACD /* AllMessageTableViewCell.swift */ = {isa = PBXFileReference; lastKnownFileType = sourcecode.swift; path = AllMessageTableViewCell.swift; sourceTree = "<group>"; };
		E8B5F0C92650417D0056C55F /* LoginViewController.swift */ = {isa = PBXFileReference; lastKnownFileType = sourcecode.swift; path = LoginViewController.swift; sourceTree = "<group>"; };
		E8B5F0DD26504EA40056C55F /* ProfileViewController.swift */ = {isa = PBXFileReference; lastKnownFileType = sourcecode.swift; path = ProfileViewController.swift; sourceTree = "<group>"; };
		E8BD6F3126471BE900D5D27A /* DFT.app */ = {isa = PBXFileReference; explicitFileType = wrapper.application; includeInIndex = 0; path = DFT.app; sourceTree = BUILT_PRODUCTS_DIR; };
		E8BD6F3426471BE900D5D27A /* AppDelegate.swift */ = {isa = PBXFileReference; lastKnownFileType = sourcecode.swift; path = AppDelegate.swift; sourceTree = "<group>"; };
		E8BD6F3626471BE900D5D27A /* SceneDelegate.swift */ = {isa = PBXFileReference; lastKnownFileType = sourcecode.swift; path = SceneDelegate.swift; sourceTree = "<group>"; };
		E8BD6F3826471BE900D5D27A /* ViewController.swift */ = {isa = PBXFileReference; lastKnownFileType = sourcecode.swift; path = ViewController.swift; sourceTree = "<group>"; };
		E8BD6F3B26471BE900D5D27A /* Base */ = {isa = PBXFileReference; lastKnownFileType = file.storyboard; name = Base; path = Base.lproj/Main.storyboard; sourceTree = "<group>"; };
		E8BD6F3D26471BEC00D5D27A /* Assets.xcassets */ = {isa = PBXFileReference; lastKnownFileType = folder.assetcatalog; path = Assets.xcassets; sourceTree = "<group>"; };
		E8BD6F4026471BEC00D5D27A /* Base */ = {isa = PBXFileReference; lastKnownFileType = file.storyboard; name = Base; path = Base.lproj/LaunchScreen.storyboard; sourceTree = "<group>"; };
		E8BD6F4226471BEC00D5D27A /* Info.plist */ = {isa = PBXFileReference; lastKnownFileType = text.plist.xml; path = Info.plist; sourceTree = "<group>"; };
		E8BD6F4726471BED00D5D27A /* DFTTests.xctest */ = {isa = PBXFileReference; explicitFileType = wrapper.cfbundle; includeInIndex = 0; path = DFTTests.xctest; sourceTree = BUILT_PRODUCTS_DIR; };
		E8BD6F4B26471BED00D5D27A /* DFTTests.swift */ = {isa = PBXFileReference; lastKnownFileType = sourcecode.swift; path = DFTTests.swift; sourceTree = "<group>"; };
		E8BD6F4D26471BED00D5D27A /* Info.plist */ = {isa = PBXFileReference; lastKnownFileType = text.plist.xml; path = Info.plist; sourceTree = "<group>"; };
		E8BD6F5226471BED00D5D27A /* DFTUITests.xctest */ = {isa = PBXFileReference; explicitFileType = wrapper.cfbundle; includeInIndex = 0; path = DFTUITests.xctest; sourceTree = BUILT_PRODUCTS_DIR; };
		E8BD6F5626471BED00D5D27A /* DFTUITests.swift */ = {isa = PBXFileReference; lastKnownFileType = sourcecode.swift; path = DFTUITests.swift; sourceTree = "<group>"; };
		E8BD6F5826471BED00D5D27A /* Info.plist */ = {isa = PBXFileReference; lastKnownFileType = text.plist.xml; path = Info.plist; sourceTree = "<group>"; };
		EE6F12F2265C973B0070FB89 /* EditProfileViewController.swift */ = {isa = PBXFileReference; lastKnownFileType = sourcecode.swift; path = EditProfileViewController.swift; sourceTree = "<group>"; };
/* End PBXFileReference section */

/* Begin PBXFrameworksBuildPhase section */
		E8BD6F2E26471BE900D5D27A /* Frameworks */ = {
			isa = PBXFrameworksBuildPhase;
			buildActionMask = 2147483647;
			files = (
				5A94DCBB40C1D9EA02268470 /* Pods_DFT.framework in Frameworks */,
			);
			runOnlyForDeploymentPostprocessing = 0;
		};
		E8BD6F4426471BED00D5D27A /* Frameworks */ = {
			isa = PBXFrameworksBuildPhase;
			buildActionMask = 2147483647;
			files = (
				7D279C0A5BBDEF66B967755E /* Pods_DFTTests.framework in Frameworks */,
			);
			runOnlyForDeploymentPostprocessing = 0;
		};
		E8BD6F4F26471BED00D5D27A /* Frameworks */ = {
			isa = PBXFrameworksBuildPhase;
			buildActionMask = 2147483647;
			files = (
				37CB2A1568264A2527114061 /* Pods_DFT_DFTUITests.framework in Frameworks */,
			);
			runOnlyForDeploymentPostprocessing = 0;
		};
/* End PBXFrameworksBuildPhase section */

/* Begin PBXGroup section */
		8CE0ECD50B257980E6F16D65 /* Pods */ = {
			isa = PBXGroup;
			children = (
				639F8D620560F24B51EA314C /* Pods-DFT.debug.xcconfig */,
				22EB5D8289CF71B5FA8F34EE /* Pods-DFT.release.xcconfig */,
				762EE6D95F782A81796F8787 /* Pods-DFT-DFTUITests.debug.xcconfig */,
				51BCA1E9A229A275C126610E /* Pods-DFT-DFTUITests.release.xcconfig */,
				64F20DD7EDECB4577996E275 /* Pods-DFTTests.debug.xcconfig */,
				645DD5F0DA9D58D07DAF4E71 /* Pods-DFTTests.release.xcconfig */,
			);
			path = Pods;
			sourceTree = "<group>";
		};
		A0DE0A948B49973E1E0AACA5 /* Frameworks */ = {
			isa = PBXGroup;
			children = (
				0B95DA3D91C7435F21F4AD54 /* Pods_DFT.framework */,
				25791613F6536E560332C1AB /* Pods_DFT_DFTUITests.framework */,
				E25D966E5CA5E885897CC82F /* Pods_DFTTests.framework */,
			);
			name = Frameworks;
			sourceTree = "<group>";
		};
		E8BD6F2826471BE900D5D27A = {
			isa = PBXGroup;
			children = (
				E8BD6F3326471BE900D5D27A /* DFT */,
				E8BD6F4A26471BED00D5D27A /* DFTTests */,
				E8BD6F5526471BED00D5D27A /* DFTUITests */,
				E8BD6F3226471BE900D5D27A /* Products */,
				8CE0ECD50B257980E6F16D65 /* Pods */,
				A0DE0A948B49973E1E0AACA5 /* Frameworks */,
			);
			sourceTree = "<group>";
		};
		E8BD6F3226471BE900D5D27A /* Products */ = {
			isa = PBXGroup;
			children = (
				E8BD6F3126471BE900D5D27A /* DFT.app */,
				E8BD6F4726471BED00D5D27A /* DFTTests.xctest */,
				E8BD6F5226471BED00D5D27A /* DFTUITests.xctest */,
			);
			name = Products;
			sourceTree = "<group>";
		};
		E8BD6F3326471BE900D5D27A /* DFT */ = {
			isa = PBXGroup;
			children = (
				E8BD6F3426471BE900D5D27A /* AppDelegate.swift */,
				E8BD6F3626471BE900D5D27A /* SceneDelegate.swift */,
				E8BD6F3826471BE900D5D27A /* ViewController.swift */,
				E8BD6F3A26471BE900D5D27A /* Main.storyboard */,
				E8BD6F3D26471BEC00D5D27A /* Assets.xcassets */,
				E8BD6F3F26471BEC00D5D27A /* LaunchScreen.storyboard */,
				E8BD6F4226471BEC00D5D27A /* Info.plist */,
				E8B5F0C92650417D0056C55F /* LoginViewController.swift */,
				E8B5F0DD26504EA40056C55F /* ProfileViewController.swift */,
				EE6F12F2265C973B0070FB89 /* EditProfileViewController.swift */,
				1E87790A265984EE00AADA9F /* mapViewController.swift */,
				E88059CF2662CC1E00872ACD /* AllMessagesTableViewController.swift */,
				E88059D92662CD9500872ACD /* AllMessageTableViewCell.swift */,
				E88059D42662CC7E00872ACD /* MessagesTableViewController.swift */,
			);
			path = DFT;
			sourceTree = "<group>";
		};
		E8BD6F4A26471BED00D5D27A /* DFTTests */ = {
			isa = PBXGroup;
			children = (
				E8BD6F4B26471BED00D5D27A /* DFTTests.swift */,
				E8BD6F4D26471BED00D5D27A /* Info.plist */,
			);
			path = DFTTests;
			sourceTree = "<group>";
		};
		E8BD6F5526471BED00D5D27A /* DFTUITests */ = {
			isa = PBXGroup;
			children = (
				E8BD6F5626471BED00D5D27A /* DFTUITests.swift */,
				E8BD6F5826471BED00D5D27A /* Info.plist */,
			);
			path = DFTUITests;
			sourceTree = "<group>";
		};
/* End PBXGroup section */

/* Begin PBXNativeTarget section */
		E8BD6F3026471BE900D5D27A /* DFT */ = {
			isa = PBXNativeTarget;
			buildConfigurationList = E8BD6F5B26471BED00D5D27A /* Build configuration list for PBXNativeTarget "DFT" */;
			buildPhases = (
				F8DFF7F2ED720B7F7D11AA52 /* [CP] Check Pods Manifest.lock */,
				E8BD6F2D26471BE900D5D27A /* Sources */,
				E8BD6F2E26471BE900D5D27A /* Frameworks */,
				E8BD6F2F26471BE900D5D27A /* Resources */,
				6870E67C9A5A125E75E7D1E7 /* [CP] Embed Pods Frameworks */,
			);
			buildRules = (
			);
			dependencies = (
			);
			name = DFT;
			productName = DFT;
			productReference = E8BD6F3126471BE900D5D27A /* DFT.app */;
			productType = "com.apple.product-type.application";
		};
		E8BD6F4626471BED00D5D27A /* DFTTests */ = {
			isa = PBXNativeTarget;
			buildConfigurationList = E8BD6F5E26471BED00D5D27A /* Build configuration list for PBXNativeTarget "DFTTests" */;
			buildPhases = (
				62645208CF7831F1A5BC5390 /* [CP] Check Pods Manifest.lock */,
				E8BD6F4326471BED00D5D27A /* Sources */,
				E8BD6F4426471BED00D5D27A /* Frameworks */,
				E8BD6F4526471BED00D5D27A /* Resources */,
			);
			buildRules = (
			);
			dependencies = (
				E8BD6F4926471BED00D5D27A /* PBXTargetDependency */,
			);
			name = DFTTests;
			productName = DFTTests;
			productReference = E8BD6F4726471BED00D5D27A /* DFTTests.xctest */;
			productType = "com.apple.product-type.bundle.unit-test";
		};
		E8BD6F5126471BED00D5D27A /* DFTUITests */ = {
			isa = PBXNativeTarget;
			buildConfigurationList = E8BD6F6126471BED00D5D27A /* Build configuration list for PBXNativeTarget "DFTUITests" */;
			buildPhases = (
				6BB80E14D8FC1582474AD0BA /* [CP] Check Pods Manifest.lock */,
				E8BD6F4E26471BED00D5D27A /* Sources */,
				E8BD6F4F26471BED00D5D27A /* Frameworks */,
				E8BD6F5026471BED00D5D27A /* Resources */,
				07CFE5F87293AC775AA8A126 /* [CP] Embed Pods Frameworks */,
			);
			buildRules = (
			);
			dependencies = (
				E8BD6F5426471BED00D5D27A /* PBXTargetDependency */,
			);
			name = DFTUITests;
			productName = DFTUITests;
			productReference = E8BD6F5226471BED00D5D27A /* DFTUITests.xctest */;
			productType = "com.apple.product-type.bundle.ui-testing";
		};
/* End PBXNativeTarget section */

/* Begin PBXProject section */
		E8BD6F2926471BE900D5D27A /* Project object */ = {
			isa = PBXProject;
			attributes = {
				LastSwiftUpdateCheck = 1240;
				LastUpgradeCheck = 1240;
				TargetAttributes = {
					E8BD6F3026471BE900D5D27A = {
						CreatedOnToolsVersion = 12.4;
					};
					E8BD6F4626471BED00D5D27A = {
						CreatedOnToolsVersion = 12.4;
						TestTargetID = E8BD6F3026471BE900D5D27A;
					};
					E8BD6F5126471BED00D5D27A = {
						CreatedOnToolsVersion = 12.4;
						TestTargetID = E8BD6F3026471BE900D5D27A;
					};
				};
			};
			buildConfigurationList = E8BD6F2C26471BE900D5D27A /* Build configuration list for PBXProject "DFT" */;
			compatibilityVersion = "Xcode 9.3";
			developmentRegion = en;
			hasScannedForEncodings = 0;
			knownRegions = (
				en,
				Base,
			);
			mainGroup = E8BD6F2826471BE900D5D27A;
			productRefGroup = E8BD6F3226471BE900D5D27A /* Products */;
			projectDirPath = "";
			projectRoot = "";
			targets = (
				E8BD6F3026471BE900D5D27A /* DFT */,
				E8BD6F4626471BED00D5D27A /* DFTTests */,
				E8BD6F5126471BED00D5D27A /* DFTUITests */,
			);
		};
/* End PBXProject section */

/* Begin PBXResourcesBuildPhase section */
		E8BD6F2F26471BE900D5D27A /* Resources */ = {
			isa = PBXResourcesBuildPhase;
			buildActionMask = 2147483647;
			files = (
				E8BD6F4126471BEC00D5D27A /* LaunchScreen.storyboard in Resources */,
				E8BD6F3E26471BEC00D5D27A /* Assets.xcassets in Resources */,
				E8BD6F3C26471BE900D5D27A /* Main.storyboard in Resources */,
			);
			runOnlyForDeploymentPostprocessing = 0;
		};
		E8BD6F4526471BED00D5D27A /* Resources */ = {
			isa = PBXResourcesBuildPhase;
			buildActionMask = 2147483647;
			files = (
			);
			runOnlyForDeploymentPostprocessing = 0;
		};
		E8BD6F5026471BED00D5D27A /* Resources */ = {
			isa = PBXResourcesBuildPhase;
			buildActionMask = 2147483647;
			files = (
			);
			runOnlyForDeploymentPostprocessing = 0;
		};
/* End PBXResourcesBuildPhase section */

/* Begin PBXShellScriptBuildPhase section */
		07CFE5F87293AC775AA8A126 /* [CP] Embed Pods Frameworks */ = {
			isa = PBXShellScriptBuildPhase;
			buildActionMask = 2147483647;
			files = (
			);
			inputFileListPaths = (
				"${PODS_ROOT}/Target Support Files/Pods-DFT-DFTUITests/Pods-DFT-DFTUITests-frameworks-${CONFIGURATION}-input-files.xcfilelist",
			);
			name = "[CP] Embed Pods Frameworks";
			outputFileListPaths = (
				"${PODS_ROOT}/Target Support Files/Pods-DFT-DFTUITests/Pods-DFT-DFTUITests-frameworks-${CONFIGURATION}-output-files.xcfilelist",
			);
			runOnlyForDeploymentPostprocessing = 0;
			shellPath = /bin/sh;
			shellScript = "\"${PODS_ROOT}/Target Support Files/Pods-DFT-DFTUITests/Pods-DFT-DFTUITests-frameworks.sh\"\n";
			showEnvVarsInLog = 0;
		};
		62645208CF7831F1A5BC5390 /* [CP] Check Pods Manifest.lock */ = {
			isa = PBXShellScriptBuildPhase;
			buildActionMask = 2147483647;
			files = (
			);
			inputFileListPaths = (
			);
			inputPaths = (
				"${PODS_PODFILE_DIR_PATH}/Podfile.lock",
				"${PODS_ROOT}/Manifest.lock",
			);
			name = "[CP] Check Pods Manifest.lock";
			outputFileListPaths = (
			);
			outputPaths = (
				"$(DERIVED_FILE_DIR)/Pods-DFTTests-checkManifestLockResult.txt",
			);
			runOnlyForDeploymentPostprocessing = 0;
			shellPath = /bin/sh;
			shellScript = "diff \"${PODS_PODFILE_DIR_PATH}/Podfile.lock\" \"${PODS_ROOT}/Manifest.lock\" > /dev/null\nif [ $? != 0 ] ; then\n    # print error to STDERR\n    echo \"error: The sandbox is not in sync with the Podfile.lock. Run 'pod install' or update your CocoaPods installation.\" >&2\n    exit 1\nfi\n# This output is used by Xcode 'outputs' to avoid re-running this script phase.\necho \"SUCCESS\" > \"${SCRIPT_OUTPUT_FILE_0}\"\n";
			showEnvVarsInLog = 0;
		};
		6870E67C9A5A125E75E7D1E7 /* [CP] Embed Pods Frameworks */ = {
			isa = PBXShellScriptBuildPhase;
			buildActionMask = 2147483647;
			files = (
			);
			inputFileListPaths = (
				"${PODS_ROOT}/Target Support Files/Pods-DFT/Pods-DFT-frameworks-${CONFIGURATION}-input-files.xcfilelist",
			);
			name = "[CP] Embed Pods Frameworks";
			outputFileListPaths = (
				"${PODS_ROOT}/Target Support Files/Pods-DFT/Pods-DFT-frameworks-${CONFIGURATION}-output-files.xcfilelist",
			);
			runOnlyForDeploymentPostprocessing = 0;
			shellPath = /bin/sh;
			shellScript = "\"${PODS_ROOT}/Target Support Files/Pods-DFT/Pods-DFT-frameworks.sh\"\n";
			showEnvVarsInLog = 0;
		};
		6BB80E14D8FC1582474AD0BA /* [CP] Check Pods Manifest.lock */ = {
			isa = PBXShellScriptBuildPhase;
			buildActionMask = 2147483647;
			files = (
			);
			inputFileListPaths = (
			);
			inputPaths = (
				"${PODS_PODFILE_DIR_PATH}/Podfile.lock",
				"${PODS_ROOT}/Manifest.lock",
			);
			name = "[CP] Check Pods Manifest.lock";
			outputFileListPaths = (
			);
			outputPaths = (
				"$(DERIVED_FILE_DIR)/Pods-DFT-DFTUITests-checkManifestLockResult.txt",
			);
			runOnlyForDeploymentPostprocessing = 0;
			shellPath = /bin/sh;
			shellScript = "diff \"${PODS_PODFILE_DIR_PATH}/Podfile.lock\" \"${PODS_ROOT}/Manifest.lock\" > /dev/null\nif [ $? != 0 ] ; then\n    # print error to STDERR\n    echo \"error: The sandbox is not in sync with the Podfile.lock. Run 'pod install' or update your CocoaPods installation.\" >&2\n    exit 1\nfi\n# This output is used by Xcode 'outputs' to avoid re-running this script phase.\necho \"SUCCESS\" > \"${SCRIPT_OUTPUT_FILE_0}\"\n";
			showEnvVarsInLog = 0;
		};
		F8DFF7F2ED720B7F7D11AA52 /* [CP] Check Pods Manifest.lock */ = {
			isa = PBXShellScriptBuildPhase;
			buildActionMask = 2147483647;
			files = (
			);
			inputFileListPaths = (
			);
			inputPaths = (
				"${PODS_PODFILE_DIR_PATH}/Podfile.lock",
				"${PODS_ROOT}/Manifest.lock",
			);
			name = "[CP] Check Pods Manifest.lock";
			outputFileListPaths = (
			);
			outputPaths = (
				"$(DERIVED_FILE_DIR)/Pods-DFT-checkManifestLockResult.txt",
			);
			runOnlyForDeploymentPostprocessing = 0;
			shellPath = /bin/sh;
			shellScript = "diff \"${PODS_PODFILE_DIR_PATH}/Podfile.lock\" \"${PODS_ROOT}/Manifest.lock\" > /dev/null\nif [ $? != 0 ] ; then\n    # print error to STDERR\n    echo \"error: The sandbox is not in sync with the Podfile.lock. Run 'pod install' or update your CocoaPods installation.\" >&2\n    exit 1\nfi\n# This output is used by Xcode 'outputs' to avoid re-running this script phase.\necho \"SUCCESS\" > \"${SCRIPT_OUTPUT_FILE_0}\"\n";
			showEnvVarsInLog = 0;
		};
/* End PBXShellScriptBuildPhase section */

/* Begin PBXSourcesBuildPhase section */
		E8BD6F2D26471BE900D5D27A /* Sources */ = {
			isa = PBXSourcesBuildPhase;
			buildActionMask = 2147483647;
			files = (
				E8B5F0CA2650417D0056C55F /* LoginViewController.swift in Sources */,
				E8BD6F3926471BE900D5D27A /* ViewController.swift in Sources */,
				E8B5F0DE26504EA40056C55F /* ProfileViewController.swift in Sources */,
				1E87790B265984EE00AADA9F /* mapViewController.swift in Sources */,
				E88059D52662CC7E00872ACD /* MessagesTableViewController.swift in Sources */,
				E8BD6F3526471BE900D5D27A /* AppDelegate.swift in Sources */,
				E8BD6F3726471BE900D5D27A /* SceneDelegate.swift in Sources */,
				EE6F12F3265C973B0070FB89 /* EditProfileViewController.swift in Sources */,
				E88059D02662CC1E00872ACD /* AllMessagesTableViewController.swift in Sources */,
				E88059DA2662CD9500872ACD /* AllMessageTableViewCell.swift in Sources */,
			);
			runOnlyForDeploymentPostprocessing = 0;
		};
		E8BD6F4326471BED00D5D27A /* Sources */ = {
			isa = PBXSourcesBuildPhase;
			buildActionMask = 2147483647;
			files = (
				E8BD6F4C26471BED00D5D27A /* DFTTests.swift in Sources */,
			);
			runOnlyForDeploymentPostprocessing = 0;
		};
		E8BD6F4E26471BED00D5D27A /* Sources */ = {
			isa = PBXSourcesBuildPhase;
			buildActionMask = 2147483647;
			files = (
				E8BD6F5726471BED00D5D27A /* DFTUITests.swift in Sources */,
			);
			runOnlyForDeploymentPostprocessing = 0;
		};
/* End PBXSourcesBuildPhase section */

/* Begin PBXTargetDependency section */
		E8BD6F4926471BED00D5D27A /* PBXTargetDependency */ = {
			isa = PBXTargetDependency;
			target = E8BD6F3026471BE900D5D27A /* DFT */;
			targetProxy = E8BD6F4826471BED00D5D27A /* PBXContainerItemProxy */;
		};
		E8BD6F5426471BED00D5D27A /* PBXTargetDependency */ = {
			isa = PBXTargetDependency;
			target = E8BD6F3026471BE900D5D27A /* DFT */;
			targetProxy = E8BD6F5326471BED00D5D27A /* PBXContainerItemProxy */;
		};
/* End PBXTargetDependency section */

/* Begin PBXVariantGroup section */
		E8BD6F3A26471BE900D5D27A /* Main.storyboard */ = {
			isa = PBXVariantGroup;
			children = (
				E8BD6F3B26471BE900D5D27A /* Base */,
			);
			name = Main.storyboard;
			sourceTree = "<group>";
		};
		E8BD6F3F26471BEC00D5D27A /* LaunchScreen.storyboard */ = {
			isa = PBXVariantGroup;
			children = (
				E8BD6F4026471BEC00D5D27A /* Base */,
			);
			name = LaunchScreen.storyboard;
			sourceTree = "<group>";
		};
/* End PBXVariantGroup section */

/* Begin XCBuildConfiguration section */
		E8BD6F5926471BED00D5D27A /* Debug */ = {
			isa = XCBuildConfiguration;
			buildSettings = {
				ALWAYS_SEARCH_USER_PATHS = NO;
				CLANG_ANALYZER_NONNULL = YES;
				CLANG_ANALYZER_NUMBER_OBJECT_CONVERSION = YES_AGGRESSIVE;
				CLANG_CXX_LANGUAGE_STANDARD = "gnu++14";
				CLANG_CXX_LIBRARY = "libc++";
				CLANG_ENABLE_MODULES = YES;
				CLANG_ENABLE_OBJC_ARC = YES;
				CLANG_ENABLE_OBJC_WEAK = YES;
				CLANG_WARN_BLOCK_CAPTURE_AUTORELEASING = YES;
				CLANG_WARN_BOOL_CONVERSION = YES;
				CLANG_WARN_COMMA = YES;
				CLANG_WARN_CONSTANT_CONVERSION = YES;
				CLANG_WARN_DEPRECATED_OBJC_IMPLEMENTATIONS = YES;
				CLANG_WARN_DIRECT_OBJC_ISA_USAGE = YES_ERROR;
				CLANG_WARN_DOCUMENTATION_COMMENTS = YES;
				CLANG_WARN_EMPTY_BODY = YES;
				CLANG_WARN_ENUM_CONVERSION = YES;
				CLANG_WARN_INFINITE_RECURSION = YES;
				CLANG_WARN_INT_CONVERSION = YES;
				CLANG_WARN_NON_LITERAL_NULL_CONVERSION = YES;
				CLANG_WARN_OBJC_IMPLICIT_RETAIN_SELF = YES;
				CLANG_WARN_OBJC_LITERAL_CONVERSION = YES;
				CLANG_WARN_OBJC_ROOT_CLASS = YES_ERROR;
				CLANG_WARN_QUOTED_INCLUDE_IN_FRAMEWORK_HEADER = YES;
				CLANG_WARN_RANGE_LOOP_ANALYSIS = YES;
				CLANG_WARN_STRICT_PROTOTYPES = YES;
				CLANG_WARN_SUSPICIOUS_MOVE = YES;
				CLANG_WARN_UNGUARDED_AVAILABILITY = YES_AGGRESSIVE;
				CLANG_WARN_UNREACHABLE_CODE = YES;
				CLANG_WARN__DUPLICATE_METHOD_MATCH = YES;
				COPY_PHASE_STRIP = NO;
				DEBUG_INFORMATION_FORMAT = dwarf;
				ENABLE_STRICT_OBJC_MSGSEND = YES;
				ENABLE_TESTABILITY = YES;
				GCC_C_LANGUAGE_STANDARD = gnu11;
				GCC_DYNAMIC_NO_PIC = NO;
				GCC_NO_COMMON_BLOCKS = YES;
				GCC_OPTIMIZATION_LEVEL = 0;
				GCC_PREPROCESSOR_DEFINITIONS = (
					"DEBUG=1",
					"$(inherited)",
				);
				GCC_WARN_64_TO_32_BIT_CONVERSION = YES;
				GCC_WARN_ABOUT_RETURN_TYPE = YES_ERROR;
				GCC_WARN_UNDECLARED_SELECTOR = YES;
				GCC_WARN_UNINITIALIZED_AUTOS = YES_AGGRESSIVE;
				GCC_WARN_UNUSED_FUNCTION = YES;
				GCC_WARN_UNUSED_VARIABLE = YES;
				IPHONEOS_DEPLOYMENT_TARGET = 14.4;
				MTL_ENABLE_DEBUG_INFO = INCLUDE_SOURCE;
				MTL_FAST_MATH = YES;
				ONLY_ACTIVE_ARCH = YES;
				SDKROOT = iphoneos;
				SWIFT_ACTIVE_COMPILATION_CONDITIONS = DEBUG;
				SWIFT_OPTIMIZATION_LEVEL = "-Onone";
			};
			name = Debug;
		};
		E8BD6F5A26471BED00D5D27A /* Release */ = {
			isa = XCBuildConfiguration;
			buildSettings = {
				ALWAYS_SEARCH_USER_PATHS = NO;
				CLANG_ANALYZER_NONNULL = YES;
				CLANG_ANALYZER_NUMBER_OBJECT_CONVERSION = YES_AGGRESSIVE;
				CLANG_CXX_LANGUAGE_STANDARD = "gnu++14";
				CLANG_CXX_LIBRARY = "libc++";
				CLANG_ENABLE_MODULES = YES;
				CLANG_ENABLE_OBJC_ARC = YES;
				CLANG_ENABLE_OBJC_WEAK = YES;
				CLANG_WARN_BLOCK_CAPTURE_AUTORELEASING = YES;
				CLANG_WARN_BOOL_CONVERSION = YES;
				CLANG_WARN_COMMA = YES;
				CLANG_WARN_CONSTANT_CONVERSION = YES;
				CLANG_WARN_DEPRECATED_OBJC_IMPLEMENTATIONS = YES;
				CLANG_WARN_DIRECT_OBJC_ISA_USAGE = YES_ERROR;
				CLANG_WARN_DOCUMENTATION_COMMENTS = YES;
				CLANG_WARN_EMPTY_BODY = YES;
				CLANG_WARN_ENUM_CONVERSION = YES;
				CLANG_WARN_INFINITE_RECURSION = YES;
				CLANG_WARN_INT_CONVERSION = YES;
				CLANG_WARN_NON_LITERAL_NULL_CONVERSION = YES;
				CLANG_WARN_OBJC_IMPLICIT_RETAIN_SELF = YES;
				CLANG_WARN_OBJC_LITERAL_CONVERSION = YES;
				CLANG_WARN_OBJC_ROOT_CLASS = YES_ERROR;
				CLANG_WARN_QUOTED_INCLUDE_IN_FRAMEWORK_HEADER = YES;
				CLANG_WARN_RANGE_LOOP_ANALYSIS = YES;
				CLANG_WARN_STRICT_PROTOTYPES = YES;
				CLANG_WARN_SUSPICIOUS_MOVE = YES;
				CLANG_WARN_UNGUARDED_AVAILABILITY = YES_AGGRESSIVE;
				CLANG_WARN_UNREACHABLE_CODE = YES;
				CLANG_WARN__DUPLICATE_METHOD_MATCH = YES;
				COPY_PHASE_STRIP = NO;
				DEBUG_INFORMATION_FORMAT = "dwarf-with-dsym";
				ENABLE_NS_ASSERTIONS = NO;
				ENABLE_STRICT_OBJC_MSGSEND = YES;
				GCC_C_LANGUAGE_STANDARD = gnu11;
				GCC_NO_COMMON_BLOCKS = YES;
				GCC_WARN_64_TO_32_BIT_CONVERSION = YES;
				GCC_WARN_ABOUT_RETURN_TYPE = YES_ERROR;
				GCC_WARN_UNDECLARED_SELECTOR = YES;
				GCC_WARN_UNINITIALIZED_AUTOS = YES_AGGRESSIVE;
				GCC_WARN_UNUSED_FUNCTION = YES;
				GCC_WARN_UNUSED_VARIABLE = YES;
				IPHONEOS_DEPLOYMENT_TARGET = 14.4;
				MTL_ENABLE_DEBUG_INFO = NO;
				MTL_FAST_MATH = YES;
				SDKROOT = iphoneos;
				SWIFT_COMPILATION_MODE = wholemodule;
				SWIFT_OPTIMIZATION_LEVEL = "-O";
				VALIDATE_PRODUCT = YES;
			};
			name = Release;
		};
		E8BD6F5C26471BED00D5D27A /* Debug */ = {
			isa = XCBuildConfiguration;
			baseConfigurationReference = 639F8D620560F24B51EA314C /* Pods-DFT.debug.xcconfig */;
			buildSettings = {
				ASSETCATALOG_COMPILER_APPICON_NAME = AppIcon;
				ASSETCATALOG_COMPILER_GLOBAL_ACCENT_COLOR_NAME = AccentColor;
				CODE_SIGN_STYLE = Automatic;
				DEVELOPMENT_TEAM = 4K3HJ2ZS75;
				INFOPLIST_FILE = DFT/Info.plist;
				LD_RUNPATH_SEARCH_PATHS = (
					"$(inherited)",
					"@executable_path/Frameworks",
				);
				PRODUCT_BUNDLE_IDENTIFIER = "oliviagillam-ucsb.edu.DFT";
				PRODUCT_NAME = "$(TARGET_NAME)";
				SWIFT_VERSION = 5.0;
				TARGETED_DEVICE_FAMILY = "1,2";
			};
			name = Debug;
		};
		E8BD6F5D26471BED00D5D27A /* Release */ = {
			isa = XCBuildConfiguration;
			baseConfigurationReference = 22EB5D8289CF71B5FA8F34EE /* Pods-DFT.release.xcconfig */;
			buildSettings = {
				ASSETCATALOG_COMPILER_APPICON_NAME = AppIcon;
				ASSETCATALOG_COMPILER_GLOBAL_ACCENT_COLOR_NAME = AccentColor;
				CODE_SIGN_STYLE = Automatic;
				DEVELOPMENT_TEAM = 4K3HJ2ZS75;
				INFOPLIST_FILE = DFT/Info.plist;
				LD_RUNPATH_SEARCH_PATHS = (
					"$(inherited)",
					"@executable_path/Frameworks",
				);
				PRODUCT_BUNDLE_IDENTIFIER = "oliviagillam-ucsb.edu.DFT";
				PRODUCT_NAME = "$(TARGET_NAME)";
				SWIFT_VERSION = 5.0;
				TARGETED_DEVICE_FAMILY = "1,2";
			};
			name = Release;
		};
		E8BD6F5F26471BED00D5D27A /* Debug */ = {
			isa = XCBuildConfiguration;
			baseConfigurationReference = 64F20DD7EDECB4577996E275 /* Pods-DFTTests.debug.xcconfig */;
			buildSettings = {
				ALWAYS_EMBED_SWIFT_STANDARD_LIBRARIES = YES;
				BUNDLE_LOADER = "$(TEST_HOST)";
				CODE_SIGN_STYLE = Automatic;
				INFOPLIST_FILE = DFTTests/Info.plist;
				IPHONEOS_DEPLOYMENT_TARGET = 14.4;
				LD_RUNPATH_SEARCH_PATHS = (
					"$(inherited)",
					"@executable_path/Frameworks",
					"@loader_path/Frameworks",
				);
				PRODUCT_BUNDLE_IDENTIFIER = "oliviagillam-ucsb.edu.DFTTests";
				PRODUCT_NAME = "$(TARGET_NAME)";
				SWIFT_VERSION = 5.0;
				TARGETED_DEVICE_FAMILY = "1,2";
				TEST_HOST = "$(BUILT_PRODUCTS_DIR)/DFT.app/DFT";
			};
			name = Debug;
		};
		E8BD6F6026471BED00D5D27A /* Release */ = {
			isa = XCBuildConfiguration;
			baseConfigurationReference = 645DD5F0DA9D58D07DAF4E71 /* Pods-DFTTests.release.xcconfig */;
			buildSettings = {
				ALWAYS_EMBED_SWIFT_STANDARD_LIBRARIES = YES;
				BUNDLE_LOADER = "$(TEST_HOST)";
				CODE_SIGN_STYLE = Automatic;
				INFOPLIST_FILE = DFTTests/Info.plist;
				IPHONEOS_DEPLOYMENT_TARGET = 14.4;
				LD_RUNPATH_SEARCH_PATHS = (
					"$(inherited)",
					"@executable_path/Frameworks",
					"@loader_path/Frameworks",
				);
				PRODUCT_BUNDLE_IDENTIFIER = "oliviagillam-ucsb.edu.DFTTests";
				PRODUCT_NAME = "$(TARGET_NAME)";
				SWIFT_VERSION = 5.0;
				TARGETED_DEVICE_FAMILY = "1,2";
				TEST_HOST = "$(BUILT_PRODUCTS_DIR)/DFT.app/DFT";
			};
			name = Release;
		};
		E8BD6F6226471BED00D5D27A /* Debug */ = {
			isa = XCBuildConfiguration;
			baseConfigurationReference = 762EE6D95F782A81796F8787 /* Pods-DFT-DFTUITests.debug.xcconfig */;
			buildSettings = {
				ALWAYS_EMBED_SWIFT_STANDARD_LIBRARIES = YES;
				CODE_SIGN_STYLE = Automatic;
				INFOPLIST_FILE = DFTUITests/Info.plist;
				LD_RUNPATH_SEARCH_PATHS = (
					"$(inherited)",
					"@executable_path/Frameworks",
					"@loader_path/Frameworks",
				);
				PRODUCT_BUNDLE_IDENTIFIER = "oliviagillam-ucsb.edu.DFTUITests";
				PRODUCT_NAME = "$(TARGET_NAME)";
				SWIFT_VERSION = 5.0;
				TARGETED_DEVICE_FAMILY = "1,2";
				TEST_TARGET_NAME = DFT;
			};
			name = Debug;
		};
		E8BD6F6326471BED00D5D27A /* Release */ = {
			isa = XCBuildConfiguration;
			baseConfigurationReference = 51BCA1E9A229A275C126610E /* Pods-DFT-DFTUITests.release.xcconfig */;
			buildSettings = {
				ALWAYS_EMBED_SWIFT_STANDARD_LIBRARIES = YES;
				CODE_SIGN_STYLE = Automatic;
				INFOPLIST_FILE = DFTUITests/Info.plist;
				LD_RUNPATH_SEARCH_PATHS = (
					"$(inherited)",
					"@executable_path/Frameworks",
					"@loader_path/Frameworks",
				);
				PRODUCT_BUNDLE_IDENTIFIER = "oliviagillam-ucsb.edu.DFTUITests";
				PRODUCT_NAME = "$(TARGET_NAME)";
				SWIFT_VERSION = 5.0;
				TARGETED_DEVICE_FAMILY = "1,2";
				TEST_TARGET_NAME = DFT;
			};
			name = Release;
		};
/* End XCBuildConfiguration section */

/* Begin XCConfigurationList section */
		E8BD6F2C26471BE900D5D27A /* Build configuration list for PBXProject "DFT" */ = {
			isa = XCConfigurationList;
			buildConfigurations = (
				E8BD6F5926471BED00D5D27A /* Debug */,
				E8BD6F5A26471BED00D5D27A /* Release */,
			);
			defaultConfigurationIsVisible = 0;
			defaultConfigurationName = Release;
		};
		E8BD6F5B26471BED00D5D27A /* Build configuration list for PBXNativeTarget "DFT" */ = {
			isa = XCConfigurationList;
			buildConfigurations = (
				E8BD6F5C26471BED00D5D27A /* Debug */,
				E8BD6F5D26471BED00D5D27A /* Release */,
			);
			defaultConfigurationIsVisible = 0;
			defaultConfigurationName = Release;
		};
		E8BD6F5E26471BED00D5D27A /* Build configuration list for PBXNativeTarget "DFTTests" */ = {
			isa = XCConfigurationList;
			buildConfigurations = (
				E8BD6F5F26471BED00D5D27A /* Debug */,
				E8BD6F6026471BED00D5D27A /* Release */,
			);
			defaultConfigurationIsVisible = 0;
			defaultConfigurationName = Release;
		};
		E8BD6F6126471BED00D5D27A /* Build configuration list for PBXNativeTarget "DFTUITests" */ = {
			isa = XCConfigurationList;
			buildConfigurations = (
				E8BD6F6226471BED00D5D27A /* Debug */,
				E8BD6F6326471BED00D5D27A /* Release */,
			);
			defaultConfigurationIsVisible = 0;
			defaultConfigurationName = Release;
		};
/* End XCConfigurationList section */
	};
	rootObject = E8BD6F2926471BE900D5D27A /* Project object */;
}
